
Microsoft Visual Studio Solution File, Format Version 12.00
# Visual Studio 14
VisualStudioVersion = 14.0.25420.1
MinimumVisualStudioVersion = 10.0.40219.1
Project("{D954291E-2A0B-460D-934E-DC6B0785DB48}") = "XamarinCropControl.Sample", "XamarinCropControl.Sample\XamarinCropControl.Sample\XamarinCropControl.Sample.shproj", "{28F3D270-1364-4483-8D36-56A5ACB43FE2}"
EndProject
Project("{FAE04EC0-301F-11D3-BF4B-00C04F79EFBC}") = "XamarinCropControl.Sample.Droid", "XamarinCropControl.Sample\XamarinCropControl.Sample.Droid\XamarinCropControl.Sample.Droid.csproj", "{AD84D671-E4FC-43BA-A1D3-5972AAB7CC74}"
EndProject
Project("{FAE04EC0-301F-11D3-BF4B-00C04F79EFBC}") = "XamarinCropControl.Sample.iOS", "XamarinCropControl.Sample\XamarinCropControl.Sample.iOS\XamarinCropControl.Sample.iOS.csproj", "{E2666379-7CB7-464B-AC19-8F7BBB4BB329}"
EndProject
Project("{FAE04EC0-301F-11D3-BF4B-00C04F79EFBC}") = "XamarinCropControl.Sample.WinPhone", "XamarinCropControl.Sample\XamarinCropControl.Sample.WinPhone\XamarinCropControl.Sample.WinPhone.csproj", "{47299D3D-1AF6-4133-B630-508ECA65BCAA}"
EndProject
Project("{FAE04EC0-301F-11D3-BF4B-00C04F79EFBC}") = "XamarinCropControl.Sample.UWP", "XamarinCropControl.Sample\XamarinCropControl.Sample.UWP\XamarinCropControl.Sample.UWP.csproj", "{757529F3-FDB5-4412-87BB-2DBFBF39240D}"
EndProject
Project("{FAE04EC0-301F-11D3-BF4B-00C04F79EFBC}") = "XamarinCropControl.Sample.Windows", "XamarinCropControl.Sample\XamarinCropControl.Sample.Windows\XamarinCropControl.Sample.Windows.csproj", "{64CCEB7C-BD6F-42C9-BA7F-73B958F34209}"
EndProject
Global
	GlobalSection(SharedMSBuildProjectFiles) = preSolution
		XamarinCropControl.Sample\XamarinCropControl.Sample\XamarinCropControl.Sample.projitems*{28f3d270-1364-4483-8d36-56a5acb43fe2}*SharedItemsImports = 13
		XamarinCropControl.Sample\XamarinCropControl.Sample\XamarinCropControl.Sample.projitems*{ad84d671-e4fc-43ba-a1d3-5972aab7cc74}*SharedItemsImports = 4
		XamarinCropControl.Sample\XamarinCropControl.Sample\XamarinCropControl.Sample.projitems*{e2666379-7cb7-464b-ac19-8f7bbb4bb329}*SharedItemsImports = 4
	EndGlobalSection
	GlobalSection(SolutionConfigurationPlatforms) = preSolution
		Ad-Hoc|Any CPU = Ad-Hoc|Any CPU
		Ad-Hoc|ARM = Ad-Hoc|ARM
		Ad-Hoc|iPhone = Ad-Hoc|iPhone
		Ad-Hoc|iPhoneSimulator = Ad-Hoc|iPhoneSimulator
		Ad-Hoc|x64 = Ad-Hoc|x64
		Ad-Hoc|x86 = Ad-Hoc|x86
		AppStore|Any CPU = AppStore|Any CPU
		AppStore|ARM = AppStore|ARM
		AppStore|iPhone = AppStore|iPhone
		AppStore|iPhoneSimulator = AppStore|iPhoneSimulator
		AppStore|x64 = AppStore|x64
		AppStore|x86 = AppStore|x86
		Debug|Any CPU = Debug|Any CPU
		Debug|ARM = Debug|ARM
		Debug|iPhone = Debug|iPhone
		Debug|iPhoneSimulator = Debug|iPhoneSimulator
		Debug|x64 = Debug|x64
		Debug|x86 = Debug|x86
		Release|Any CPU = Release|Any CPU
		Release|ARM = Release|ARM
		Release|iPhone = Release|iPhone
		Release|iPhoneSimulator = Release|iPhoneSimulator
		Release|x64 = Release|x64
		Release|x86 = Release|x86
	EndGlobalSection
	GlobalSection(ProjectConfigurationPlatforms) = postSolution
		{AD84D671-E4FC-43BA-A1D3-5972AAB7CC74}.Ad-Hoc|Any CPU.ActiveCfg = Release|Any CPU
		{AD84D671-E4FC-43BA-A1D3-5972AAB7CC74}.Ad-Hoc|Any CPU.Build.0 = Release|Any CPU
		{AD84D671-E4FC-43BA-A1D3-5972AAB7CC74}.Ad-Hoc|Any CPU.Deploy.0 = Release|Any CPU
		{AD84D671-E4FC-43BA-A1D3-5972AAB7CC74}.Ad-Hoc|ARM.ActiveCfg = Release|Any CPU
		{AD84D671-E4FC-43BA-A1D3-5972AAB7CC74}.Ad-Hoc|ARM.Build.0 = Release|Any CPU
		{AD84D671-E4FC-43BA-A1D3-5972AAB7CC74}.Ad-Hoc|ARM.Deploy.0 = Release|Any CPU
		{AD84D671-E4FC-43BA-A1D3-5972AAB7CC74}.Ad-Hoc|iPhone.ActiveCfg = Release|Any CPU
		{AD84D671-E4FC-43BA-A1D3-5972AAB7CC74}.Ad-Hoc|iPhone.Build.0 = Release|Any CPU
		{AD84D671-E4FC-43BA-A1D3-5972AAB7CC74}.Ad-Hoc|iPhone.Deploy.0 = Release|Any CPU
		{AD84D671-E4FC-43BA-A1D3-5972AAB7CC74}.Ad-Hoc|iPhoneSimulator.ActiveCfg = Release|Any CPU
		{AD84D671-E4FC-43BA-A1D3-5972AAB7CC74}.Ad-Hoc|iPhoneSimulator.Build.0 = Release|Any CPU
		{AD84D671-E4FC-43BA-A1D3-5972AAB7CC74}.Ad-Hoc|iPhoneSimulator.Deploy.0 = Release|Any CPU
		{AD84D671-E4FC-43BA-A1D3-5972AAB7CC74}.Ad-Hoc|x64.ActiveCfg = Release|Any CPU
		{AD84D671-E4FC-43BA-A1D3-5972AAB7CC74}.Ad-Hoc|x64.Build.0 = Release|Any CPU
		{AD84D671-E4FC-43BA-A1D3-5972AAB7CC74}.Ad-Hoc|x64.Deploy.0 = Release|Any CPU
		{AD84D671-E4FC-43BA-A1D3-5972AAB7CC74}.Ad-Hoc|x86.ActiveCfg = Release|Any CPU
		{AD84D671-E4FC-43BA-A1D3-5972AAB7CC74}.Ad-Hoc|x86.Build.0 = Release|Any CPU
		{AD84D671-E4FC-43BA-A1D3-5972AAB7CC74}.Ad-Hoc|x86.Deploy.0 = Release|Any CPU
		{AD84D671-E4FC-43BA-A1D3-5972AAB7CC74}.AppStore|Any CPU.ActiveCfg = Release|Any CPU
		{AD84D671-E4FC-43BA-A1D3-5972AAB7CC74}.AppStore|Any CPU.Build.0 = Release|Any CPU
		{AD84D671-E4FC-43BA-A1D3-5972AAB7CC74}.AppStore|Any CPU.Deploy.0 = Release|Any CPU
		{AD84D671-E4FC-43BA-A1D3-5972AAB7CC74}.AppStore|ARM.ActiveCfg = Release|Any CPU
		{AD84D671-E4FC-43BA-A1D3-5972AAB7CC74}.AppStore|ARM.Build.0 = Release|Any CPU
		{AD84D671-E4FC-43BA-A1D3-5972AAB7CC74}.AppStore|ARM.Deploy.0 = Release|Any CPU
		{AD84D671-E4FC-43BA-A1D3-5972AAB7CC74}.AppStore|iPhone.ActiveCfg = Release|Any CPU
		{AD84D671-E4FC-43BA-A1D3-5972AAB7CC74}.AppStore|iPhone.Build.0 = Release|Any CPU
		{AD84D671-E4FC-43BA-A1D3-5972AAB7CC74}.AppStore|iPhone.Deploy.0 = Release|Any CPU
		{AD84D671-E4FC-43BA-A1D3-5972AAB7CC74}.AppStore|iPhoneSimulator.ActiveCfg = Release|Any CPU
		{AD84D671-E4FC-43BA-A1D3-5972AAB7CC74}.AppStore|iPhoneSimulator.Build.0 = Release|Any CPU
		{AD84D671-E4FC-43BA-A1D3-5972AAB7CC74}.AppStore|iPhoneSimulator.Deploy.0 = Release|Any CPU
		{AD84D671-E4FC-43BA-A1D3-5972AAB7CC74}.AppStore|x64.ActiveCfg = Release|Any CPU
		{AD84D671-E4FC-43BA-A1D3-5972AAB7CC74}.AppStore|x64.Build.0 = Release|Any CPU
		{AD84D671-E4FC-43BA-A1D3-5972AAB7CC74}.AppStore|x64.Deploy.0 = Release|Any CPU
		{AD84D671-E4FC-43BA-A1D3-5972AAB7CC74}.AppStore|x86.ActiveCfg = Release|Any CPU
		{AD84D671-E4FC-43BA-A1D3-5972AAB7CC74}.AppStore|x86.Build.0 = Release|Any CPU
		{AD84D671-E4FC-43BA-A1D3-5972AAB7CC74}.AppStore|x86.Deploy.0 = Release|Any CPU
		{AD84D671-E4FC-43BA-A1D3-5972AAB7CC74}.Debug|Any CPU.ActiveCfg = Debug|Any CPU
		{AD84D671-E4FC-43BA-A1D3-5972AAB7CC74}.Debug|Any CPU.Build.0 = Debug|Any CPU
		{AD84D671-E4FC-43BA-A1D3-5972AAB7CC74}.Debug|Any CPU.Deploy.0 = Debug|Any CPU
		{AD84D671-E4FC-43BA-A1D3-5972AAB7CC74}.Debug|ARM.ActiveCfg = Debug|Any CPU
		{AD84D671-E4FC-43BA-A1D3-5972AAB7CC74}.Debug|ARM.Build.0 = Debug|Any CPU
		{AD84D671-E4FC-43BA-A1D3-5972AAB7CC74}.Debug|ARM.Deploy.0 = Debug|Any CPU
		{AD84D671-E4FC-43BA-A1D3-5972AAB7CC74}.Debug|iPhone.ActiveCfg = Debug|Any CPU
		{AD84D671-E4FC-43BA-A1D3-5972AAB7CC74}.Debug|iPhone.Build.0 = Debug|Any CPU
		{AD84D671-E4FC-43BA-A1D3-5972AAB7CC74}.Debug|iPhone.Deploy.0 = Debug|Any CPU
		{AD84D671-E4FC-43BA-A1D3-5972AAB7CC74}.Debug|iPhoneSimulator.ActiveCfg = Debug|Any CPU
		{AD84D671-E4FC-43BA-A1D3-5972AAB7CC74}.Debug|iPhoneSimulator.Build.0 = Debug|Any CPU
		{AD84D671-E4FC-43BA-A1D3-5972AAB7CC74}.Debug|iPhoneSimulator.Deploy.0 = Debug|Any CPU
		{AD84D671-E4FC-43BA-A1D3-5972AAB7CC74}.Debug|x64.ActiveCfg = Debug|Any CPU
		{AD84D671-E4FC-43BA-A1D3-5972AAB7CC74}.Debug|x64.Build.0 = Debug|Any CPU
		{AD84D671-E4FC-43BA-A1D3-5972AAB7CC74}.Debug|x64.Deploy.0 = Debug|Any CPU
		{AD84D671-E4FC-43BA-A1D3-5972AAB7CC74}.Debug|x86.ActiveCfg = Debug|Any CPU
		{AD84D671-E4FC-43BA-A1D3-5972AAB7CC74}.Debug|x86.Build.0 = Debug|Any CPU
		{AD84D671-E4FC-43BA-A1D3-5972AAB7CC74}.Debug|x86.Deploy.0 = Debug|Any CPU
		{AD84D671-E4FC-43BA-A1D3-5972AAB7CC74}.Release|Any CPU.ActiveCfg = Release|Any CPU
		{AD84D671-E4FC-43BA-A1D3-5972AAB7CC74}.Release|Any CPU.Build.0 = Release|Any CPU
		{AD84D671-E4FC-43BA-A1D3-5972AAB7CC74}.Release|Any CPU.Deploy.0 = Release|Any CPU
		{AD84D671-E4FC-43BA-A1D3-5972AAB7CC74}.Release|ARM.ActiveCfg = Release|Any CPU
		{AD84D671-E4FC-43BA-A1D3-5972AAB7CC74}.Release|ARM.Build.0 = Release|Any CPU
		{AD84D671-E4FC-43BA-A1D3-5972AAB7CC74}.Release|ARM.Deploy.0 = Release|Any CPU
		{AD84D671-E4FC-43BA-A1D3-5972AAB7CC74}.Release|iPhone.ActiveCfg = Release|Any CPU
		{AD84D671-E4FC-43BA-A1D3-5972AAB7CC74}.Release|iPhone.Build.0 = Release|Any CPU
		{AD84D671-E4FC-43BA-A1D3-5972AAB7CC74}.Release|iPhone.Deploy.0 = Release|Any CPU
		{AD84D671-E4FC-43BA-A1D3-5972AAB7CC74}.Release|iPhoneSimulator.ActiveCfg = Release|Any CPU
		{AD84D671-E4FC-43BA-A1D3-5972AAB7CC74}.Release|iPhoneSimulator.Build.0 = Release|Any CPU
		{AD84D671-E4FC-43BA-A1D3-5972AAB7CC74}.Release|iPhoneSimulator.Deploy.0 = Release|Any CPU
		{AD84D671-E4FC-43BA-A1D3-5972AAB7CC74}.Release|x64.ActiveCfg = Release|Any CPU
		{AD84D671-E4FC-43BA-A1D3-5972AAB7CC74}.Release|x64.Build.0 = Release|Any CPU
		{AD84D671-E4FC-43BA-A1D3-5972AAB7CC74}.Release|x64.Deploy.0 = Release|Any CPU
		{AD84D671-E4FC-43BA-A1D3-5972AAB7CC74}.Release|x86.ActiveCfg = Release|Any CPU
		{AD84D671-E4FC-43BA-A1D3-5972AAB7CC74}.Release|x86.Build.0 = Release|Any CPU
		{AD84D671-E4FC-43BA-A1D3-5972AAB7CC74}.Release|x86.Deploy.0 = Release|Any CPU
		{E2666379-7CB7-464B-AC19-8F7BBB4BB329}.Ad-Hoc|Any CPU.ActiveCfg = Ad-Hoc|iPhone
		{E2666379-7CB7-464B-AC19-8F7BBB4BB329}.Ad-Hoc|ARM.ActiveCfg = Ad-Hoc|iPhone
		{E2666379-7CB7-464B-AC19-8F7BBB4BB329}.Ad-Hoc|iPhone.ActiveCfg = Ad-Hoc|iPhone
		{E2666379-7CB7-464B-AC19-8F7BBB4BB329}.Ad-Hoc|iPhone.Build.0 = Ad-Hoc|iPhone
		{E2666379-7CB7-464B-AC19-8F7BBB4BB329}.Ad-Hoc|iPhoneSimulator.ActiveCfg = Ad-Hoc|iPhoneSimulator
		{E2666379-7CB7-464B-AC19-8F7BBB4BB329}.Ad-Hoc|iPhoneSimulator.Build.0 = Ad-Hoc|iPhoneSimulator
		{E2666379-7CB7-464B-AC19-8F7BBB4BB329}.Ad-Hoc|x64.ActiveCfg = Ad-Hoc|iPhone
		{E2666379-7CB7-464B-AC19-8F7BBB4BB329}.Ad-Hoc|x86.ActiveCfg = Ad-Hoc|iPhone
		{E2666379-7CB7-464B-AC19-8F7BBB4BB329}.AppStore|Any CPU.ActiveCfg = AppStore|iPhone
		{E2666379-7CB7-464B-AC19-8F7BBB4BB329}.AppStore|ARM.ActiveCfg = AppStore|iPhone
		{E2666379-7CB7-464B-AC19-8F7BBB4BB329}.AppStore|iPhone.ActiveCfg = AppStore|iPhone
		{E2666379-7CB7-464B-AC19-8F7BBB4BB329}.AppStore|iPhone.Build.0 = AppStore|iPhone
		{E2666379-7CB7-464B-AC19-8F7BBB4BB329}.AppStore|iPhoneSimulator.ActiveCfg = AppStore|iPhoneSimulator
		{E2666379-7CB7-464B-AC19-8F7BBB4BB329}.AppStore|iPhoneSimulator.Build.0 = AppStore|iPhoneSimulator
		{E2666379-7CB7-464B-AC19-8F7BBB4BB329}.AppStore|x64.ActiveCfg = AppStore|iPhone
		{E2666379-7CB7-464B-AC19-8F7BBB4BB329}.AppStore|x86.ActiveCfg = AppStore|iPhone
		{E2666379-7CB7-464B-AC19-8F7BBB4BB329}.Debug|Any CPU.ActiveCfg = Debug|iPhone
		{E2666379-7CB7-464B-AC19-8F7BBB4BB329}.Debug|ARM.ActiveCfg = Debug|iPhone
		{E2666379-7CB7-464B-AC19-8F7BBB4BB329}.Debug|iPhone.ActiveCfg = Debug|iPhone
		{E2666379-7CB7-464B-AC19-8F7BBB4BB329}.Debug|iPhone.Build.0 = Debug|iPhone
		{E2666379-7CB7-464B-AC19-8F7BBB4BB329}.Debug|iPhoneSimulator.ActiveCfg = Debug|iPhoneSimulator
		{E2666379-7CB7-464B-AC19-8F7BBB4BB329}.Debug|iPhoneSimulator.Build.0 = Debug|iPhoneSimulator
		{E2666379-7CB7-464B-AC19-8F7BBB4BB329}.Debug|x64.ActiveCfg = Debug|iPhone
		{E2666379-7CB7-464B-AC19-8F7BBB4BB329}.Debug|x86.ActiveCfg = Debug|iPhone
		{E2666379-7CB7-464B-AC19-8F7BBB4BB329}.Release|Any CPU.ActiveCfg = Release|iPhone
		{E2666379-7CB7-464B-AC19-8F7BBB4BB329}.Release|ARM.ActiveCfg = Release|iPhone
		{E2666379-7CB7-464B-AC19-8F7BBB4BB329}.Release|iPhone.ActiveCfg = Release|iPhone
		{E2666379-7CB7-464B-AC19-8F7BBB4BB329}.Release|iPhone.Build.0 = Release|iPhone
		{E2666379-7CB7-464B-AC19-8F7BBB4BB329}.Release|iPhoneSimulator.ActiveCfg = Release|iPhoneSimulator
		{E2666379-7CB7-464B-AC19-8F7BBB4BB329}.Release|iPhoneSimulator.Build.0 = Release|iPhoneSimulator
		{E2666379-7CB7-464B-AC19-8F7BBB4BB329}.Release|x64.ActiveCfg = Release|iPhone
		{E2666379-7CB7-464B-AC19-8F7BBB4BB329}.Release|x86.ActiveCfg = Release|iPhone
		{47299D3D-1AF6-4133-B630-508ECA65BCAA}.Ad-Hoc|Any CPU.ActiveCfg = Release|Any CPU
		{47299D3D-1AF6-4133-B630-508ECA65BCAA}.Ad-Hoc|Any CPU.Build.0 = Release|Any CPU
		{47299D3D-1AF6-4133-B630-508ECA65BCAA}.Ad-Hoc|Any CPU.Deploy.0 = Release|Any CPU
		{47299D3D-1AF6-4133-B630-508ECA65BCAA}.Ad-Hoc|ARM.ActiveCfg = Release|ARM
		{47299D3D-1AF6-4133-B630-508ECA65BCAA}.Ad-Hoc|ARM.Build.0 = Release|ARM
		{47299D3D-1AF6-4133-B630-508ECA65BCAA}.Ad-Hoc|ARM.Deploy.0 = Release|ARM
		{47299D3D-1AF6-4133-B630-508ECA65BCAA}.Ad-Hoc|iPhone.ActiveCfg = Release|Any CPU
		{47299D3D-1AF6-4133-B630-508ECA65BCAA}.Ad-Hoc|iPhone.Build.0 = Release|Any CPU
		{47299D3D-1AF6-4133-B630-508ECA65BCAA}.Ad-Hoc|iPhone.Deploy.0 = Release|Any CPU
		{47299D3D-1AF6-4133-B630-508ECA65BCAA}.Ad-Hoc|iPhoneSimulator.ActiveCfg = Release|Any CPU
		{47299D3D-1AF6-4133-B630-508ECA65BCAA}.Ad-Hoc|iPhoneSimulator.Build.0 = Release|Any CPU
		{47299D3D-1AF6-4133-B630-508ECA65BCAA}.Ad-Hoc|iPhoneSimulator.Deploy.0 = Release|Any CPU
		{47299D3D-1AF6-4133-B630-508ECA65BCAA}.Ad-Hoc|x64.ActiveCfg = Release|Any CPU
		{47299D3D-1AF6-4133-B630-508ECA65BCAA}.Ad-Hoc|x64.Build.0 = Release|Any CPU
		{47299D3D-1AF6-4133-B630-508ECA65BCAA}.Ad-Hoc|x64.Deploy.0 = Release|Any CPU
		{47299D3D-1AF6-4133-B630-508ECA65BCAA}.Ad-Hoc|x86.ActiveCfg = Release|x86
		{47299D3D-1AF6-4133-B630-508ECA65BCAA}.Ad-Hoc|x86.Build.0 = Release|x86
		{47299D3D-1AF6-4133-B630-508ECA65BCAA}.Ad-Hoc|x86.Deploy.0 = Release|x86
		{47299D3D-1AF6-4133-B630-508ECA65BCAA}.AppStore|Any CPU.ActiveCfg = Release|Any CPU
		{47299D3D-1AF6-4133-B630-508ECA65BCAA}.AppStore|Any CPU.Build.0 = Release|Any CPU
		{47299D3D-1AF6-4133-B630-508ECA65BCAA}.AppStore|Any CPU.Deploy.0 = Release|Any CPU
		{47299D3D-1AF6-4133-B630-508ECA65BCAA}.AppStore|ARM.ActiveCfg = Release|ARM
		{47299D3D-1AF6-4133-B630-508ECA65BCAA}.AppStore|ARM.Build.0 = Release|ARM
		{47299D3D-1AF6-4133-B630-508ECA65BCAA}.AppStore|ARM.Deploy.0 = Release|ARM
		{47299D3D-1AF6-4133-B630-508ECA65BCAA}.AppStore|iPhone.ActiveCfg = Release|Any CPU
		{47299D3D-1AF6-4133-B630-508ECA65BCAA}.AppStore|iPhone.Build.0 = Release|Any CPU
		{47299D3D-1AF6-4133-B630-508ECA65BCAA}.AppStore|iPhone.Deploy.0 = Release|Any CPU
		{47299D3D-1AF6-4133-B630-508ECA65BCAA}.AppStore|iPhoneSimulator.ActiveCfg = Release|Any CPU
		{47299D3D-1AF6-4133-B630-508ECA65BCAA}.AppStore|iPhoneSimulator.Build.0 = Release|Any CPU
		{47299D3D-1AF6-4133-B630-508ECA65BCAA}.AppStore|iPhoneSimulator.Deploy.0 = Release|Any CPU
		{47299D3D-1AF6-4133-B630-508ECA65BCAA}.AppStore|x64.ActiveCfg = Release|Any CPU
		{47299D3D-1AF6-4133-B630-508ECA65BCAA}.AppStore|x64.Build.0 = Release|Any CPU
		{47299D3D-1AF6-4133-B630-508ECA65BCAA}.AppStore|x64.Deploy.0 = Release|Any CPU
		{47299D3D-1AF6-4133-B630-508ECA65BCAA}.AppStore|x86.ActiveCfg = Release|x86
		{47299D3D-1AF6-4133-B630-508ECA65BCAA}.AppStore|x86.Build.0 = Release|x86
		{47299D3D-1AF6-4133-B630-508ECA65BCAA}.AppStore|x86.Deploy.0 = Release|x86
		{47299D3D-1AF6-4133-B630-508ECA65BCAA}.Debug|Any CPU.ActiveCfg = Debug|Any CPU
		{47299D3D-1AF6-4133-B630-508ECA65BCAA}.Debug|Any CPU.Build.0 = Debug|Any CPU
		{47299D3D-1AF6-4133-B630-508ECA65BCAA}.Debug|Any CPU.Deploy.0 = Debug|Any CPU
		{47299D3D-1AF6-4133-B630-508ECA65BCAA}.Debug|ARM.ActiveCfg = Debug|ARM
		{47299D3D-1AF6-4133-B630-508ECA65BCAA}.Debug|ARM.Build.0 = Debug|ARM
		{47299D3D-1AF6-4133-B630-508ECA65BCAA}.Debug|ARM.Deploy.0 = Debug|ARM
		{47299D3D-1AF6-4133-B630-508ECA65BCAA}.Debug|iPhone.ActiveCfg = Debug|Any CPU
		{47299D3D-1AF6-4133-B630-508ECA65BCAA}.Debug|iPhone.Build.0 = Debug|Any CPU
		{47299D3D-1AF6-4133-B630-508ECA65BCAA}.Debug|iPhone.Deploy.0 = Debug|Any CPU
		{47299D3D-1AF6-4133-B630-508ECA65BCAA}.Debug|iPhoneSimulator.ActiveCfg = Debug|Any CPU
		{47299D3D-1AF6-4133-B630-508ECA65BCAA}.Debug|iPhoneSimulator.Build.0 = Debug|Any CPU
		{47299D3D-1AF6-4133-B630-508ECA65BCAA}.Debug|iPhoneSimulator.Deploy.0 = Debug|Any CPU
		{47299D3D-1AF6-4133-B630-508ECA65BCAA}.Debug|x64.ActiveCfg = Debug|Any CPU
		{47299D3D-1AF6-4133-B630-508ECA65BCAA}.Debug|x64.Build.0 = Debug|Any CPU
		{47299D3D-1AF6-4133-B630-508ECA65BCAA}.Debug|x64.Deploy.0 = Debug|Any CPU
		{47299D3D-1AF6-4133-B630-508ECA65BCAA}.Debug|x86.ActiveCfg = Debug|x86
		{47299D3D-1AF6-4133-B630-508ECA65BCAA}.Debug|x86.Build.0 = Debug|x86
		{47299D3D-1AF6-4133-B630-508ECA65BCAA}.Debug|x86.Deploy.0 = Debug|x86
		{47299D3D-1AF6-4133-B630-508ECA65BCAA}.Release|Any CPU.ActiveCfg = Release|Any CPU
		{47299D3D-1AF6-4133-B630-508ECA65BCAA}.Release|Any CPU.Build.0 = Release|Any CPU
		{47299D3D-1AF6-4133-B630-508ECA65BCAA}.Release|Any CPU.Deploy.0 = Release|Any CPU
		{47299D3D-1AF6-4133-B630-508ECA65BCAA}.Release|ARM.ActiveCfg = Release|ARM
		{47299D3D-1AF6-4133-B630-508ECA65BCAA}.Release|ARM.Build.0 = Release|ARM
		{47299D3D-1AF6-4133-B630-508ECA65BCAA}.Release|ARM.Deploy.0 = Release|ARM
		{47299D3D-1AF6-4133-B630-508ECA65BCAA}.Release|iPhone.ActiveCfg = Release|Any CPU
		{47299D3D-1AF6-4133-B630-508ECA65BCAA}.Release|iPhone.Build.0 = Release|Any CPU
		{47299D3D-1AF6-4133-B630-508ECA65BCAA}.Release|iPhone.Deploy.0 = Release|Any CPU
		{47299D3D-1AF6-4133-B630-508ECA65BCAA}.Release|iPhoneSimulator.ActiveCfg = Release|Any CPU
		{47299D3D-1AF6-4133-B630-508ECA65BCAA}.Release|iPhoneSimulator.Build.0 = Release|Any CPU
		{47299D3D-1AF6-4133-B630-508ECA65BCAA}.Release|iPhoneSimulator.Deploy.0 = Release|Any CPU
		{47299D3D-1AF6-4133-B630-508ECA65BCAA}.Release|x64.ActiveCfg = Release|Any CPU
		{47299D3D-1AF6-4133-B630-508ECA65BCAA}.Release|x64.Build.0 = Release|Any CPU
		{47299D3D-1AF6-4133-B630-508ECA65BCAA}.Release|x64.Deploy.0 = Release|Any CPU
		{47299D3D-1AF6-4133-B630-508ECA65BCAA}.Release|x86.ActiveCfg = Release|x86
		{47299D3D-1AF6-4133-B630-508ECA65BCAA}.Release|x86.Build.0 = Release|x86
		{47299D3D-1AF6-4133-B630-508ECA65BCAA}.Release|x86.Deploy.0 = Release|x86
		{757529F3-FDB5-4412-87BB-2DBFBF39240D}.Ad-Hoc|Any CPU.ActiveCfg = Release|x86
		{757529F3-FDB5-4412-87BB-2DBFBF39240D}.Ad-Hoc|Any CPU.Build.0 = Release|x86
		{757529F3-FDB5-4412-87BB-2DBFBF39240D}.Ad-Hoc|Any CPU.Deploy.0 = Release|x86
		{757529F3-FDB5-4412-87BB-2DBFBF39240D}.Ad-Hoc|ARM.ActiveCfg = Release|ARM
		{757529F3-FDB5-4412-87BB-2DBFBF39240D}.Ad-Hoc|ARM.Build.0 = Release|ARM
		{757529F3-FDB5-4412-87BB-2DBFBF39240D}.Ad-Hoc|ARM.Deploy.0 = Release|ARM
		{757529F3-FDB5-4412-87BB-2DBFBF39240D}.Ad-Hoc|iPhone.ActiveCfg = Release|x86
		{757529F3-FDB5-4412-87BB-2DBFBF39240D}.Ad-Hoc|iPhone.Build.0 = Release|x86
		{757529F3-FDB5-4412-87BB-2DBFBF39240D}.Ad-Hoc|iPhone.Deploy.0 = Release|x86
		{757529F3-FDB5-4412-87BB-2DBFBF39240D}.Ad-Hoc|iPhoneSimulator.ActiveCfg = Release|x86
		{757529F3-FDB5-4412-87BB-2DBFBF39240D}.Ad-Hoc|iPhoneSimulator.Build.0 = Release|x86
		{757529F3-FDB5-4412-87BB-2DBFBF39240D}.Ad-Hoc|iPhoneSimulator.Deploy.0 = Release|x86
		{757529F3-FDB5-4412-87BB-2DBFBF39240D}.Ad-Hoc|x64.ActiveCfg = Release|x64
		{757529F3-FDB5-4412-87BB-2DBFBF39240D}.Ad-Hoc|x64.Build.0 = Release|x64
		{757529F3-FDB5-4412-87BB-2DBFBF39240D}.Ad-Hoc|x64.Deploy.0 = Release|x64
		{757529F3-FDB5-4412-87BB-2DBFBF39240D}.Ad-Hoc|x86.ActiveCfg = Release|x86
		{757529F3-FDB5-4412-87BB-2DBFBF39240D}.Ad-Hoc|x86.Build.0 = Release|x86
		{757529F3-FDB5-4412-87BB-2DBFBF39240D}.Ad-Hoc|x86.Deploy.0 = Release|x86
		{757529F3-FDB5-4412-87BB-2DBFBF39240D}.AppStore|Any CPU.ActiveCfg = Release|x86
		{757529F3-FDB5-4412-87BB-2DBFBF39240D}.AppStore|Any CPU.Build.0 = Release|x86
		{757529F3-FDB5-4412-87BB-2DBFBF39240D}.AppStore|Any CPU.Deploy.0 = Release|x86
		{757529F3-FDB5-4412-87BB-2DBFBF39240D}.AppStore|ARM.ActiveCfg = Release|ARM
		{757529F3-FDB5-4412-87BB-2DBFBF39240D}.AppStore|ARM.Build.0 = Release|ARM
		{757529F3-FDB5-4412-87BB-2DBFBF39240D}.AppStore|ARM.Deploy.0 = Release|ARM
		{757529F3-FDB5-4412-87BB-2DBFBF39240D}.AppStore|iPhone.ActiveCfg = Release|x86
		{757529F3-FDB5-4412-87BB-2DBFBF39240D}.AppStore|iPhone.Build.0 = Release|x86
		{757529F3-FDB5-4412-87BB-2DBFBF39240D}.AppStore|iPhone.Deploy.0 = Release|x86
		{757529F3-FDB5-4412-87BB-2DBFBF39240D}.AppStore|iPhoneSimulator.ActiveCfg = Release|x86
		{757529F3-FDB5-4412-87BB-2DBFBF39240D}.AppStore|iPhoneSimulator.Build.0 = Release|x86
		{757529F3-FDB5-4412-87BB-2DBFBF39240D}.AppStore|iPhoneSimulator.Deploy.0 = Release|x86
		{757529F3-FDB5-4412-87BB-2DBFBF39240D}.AppStore|x64.ActiveCfg = Release|x64
		{757529F3-FDB5-4412-87BB-2DBFBF39240D}.AppStore|x64.Build.0 = Release|x64
		{757529F3-FDB5-4412-87BB-2DBFBF39240D}.AppStore|x64.Deploy.0 = Release|x64
		{757529F3-FDB5-4412-87BB-2DBFBF39240D}.AppStore|x86.ActiveCfg = Release|x86
		{757529F3-FDB5-4412-87BB-2DBFBF39240D}.AppStore|x86.Build.0 = Release|x86
		{757529F3-FDB5-4412-87BB-2DBFBF39240D}.AppStore|x86.Deploy.0 = Release|x86
		{757529F3-FDB5-4412-87BB-2DBFBF39240D}.Debug|Any CPU.ActiveCfg = Debug|x86
		{757529F3-FDB5-4412-87BB-2DBFBF39240D}.Debug|ARM.ActiveCfg = Debug|ARM
		{757529F3-FDB5-4412-87BB-2DBFBF39240D}.Debug|ARM.Build.0 = Debug|ARM
		{757529F3-FDB5-4412-87BB-2DBFBF39240D}.Debug|ARM.Deploy.0 = Debug|ARM
		{757529F3-FDB5-4412-87BB-2DBFBF39240D}.Debug|iPhone.ActiveCfg = Debug|x86
		{757529F3-FDB5-4412-87BB-2DBFBF39240D}.Debug|iPhoneSimulator.ActiveCfg = Debug|x86
		{757529F3-FDB5-4412-87BB-2DBFBF39240D}.Debug|x64.ActiveCfg = Debug|x64
		{757529F3-FDB5-4412-87BB-2DBFBF39240D}.Debug|x64.Build.0 = Debug|x64
		{757529F3-FDB5-4412-87BB-2DBFBF39240D}.Debug|x64.Deploy.0 = Debug|x64
		{757529F3-FDB5-4412-87BB-2DBFBF39240D}.Debug|x86.ActiveCfg = Debug|x86
		{757529F3-FDB5-4412-87BB-2DBFBF39240D}.Debug|x86.Build.0 = Debug|x86
		{757529F3-FDB5-4412-87BB-2DBFBF39240D}.Debug|x86.Deploy.0 = Debug|x86
		{757529F3-FDB5-4412-87BB-2DBFBF39240D}.Release|Any CPU.ActiveCfg = Release|x86
		{757529F3-FDB5-4412-87BB-2DBFBF39240D}.Release|ARM.ActiveCfg = Release|ARM
		{757529F3-FDB5-4412-87BB-2DBFBF39240D}.Release|ARM.Build.0 = Release|ARM
		{757529F3-FDB5-4412-87BB-2DBFBF39240D}.Release|ARM.Deploy.0 = Release|ARM
		{757529F3-FDB5-4412-87BB-2DBFBF39240D}.Release|iPhone.ActiveCfg = Release|x86
		{757529F3-FDB5-4412-87BB-2DBFBF39240D}.Release|iPhoneSimulator.ActiveCfg = Release|x86
		{757529F3-FDB5-4412-87BB-2DBFBF39240D}.Release|x64.ActiveCfg = Release|x64
		{757529F3-FDB5-4412-87BB-2DBFBF39240D}.Release|x64.Build.0 = Release|x64
		{757529F3-FDB5-4412-87BB-2DBFBF39240D}.Release|x64.Deploy.0 = Release|x64
		{757529F3-FDB5-4412-87BB-2DBFBF39240D}.Release|x86.ActiveCfg = Release|x86
		{757529F3-FDB5-4412-87BB-2DBFBF39240D}.Release|x86.Build.0 = Release|x86
		{757529F3-FDB5-4412-87BB-2DBFBF39240D}.Release|x86.Deploy.0 = Release|x86
		{64CCEB7C-BD6F-42C9-BA7F-73B958F34209}.Ad-Hoc|Any CPU.ActiveCfg = Release|Any CPU
		{64CCEB7C-BD6F-42C9-BA7F-73B958F34209}.Ad-Hoc|Any CPU.Build.0 = Release|Any CPU
		{64CCEB7C-BD6F-42C9-BA7F-73B958F34209}.Ad-Hoc|Any CPU.Deploy.0 = Release|Any CPU
		{64CCEB7C-BD6F-42C9-BA7F-73B958F34209}.Ad-Hoc|ARM.ActiveCfg = Release|ARM
		{64CCEB7C-BD6F-42C9-BA7F-73B958F34209}.Ad-Hoc|ARM.Build.0 = Release|ARM
		{64CCEB7C-BD6F-42C9-BA7F-73B958F34209}.Ad-Hoc|ARM.Deploy.0 = Release|ARM
		{64CCEB7C-BD6F-42C9-BA7F-73B958F34209}.Ad-Hoc|iPhone.ActiveCfg = Release|Any CPU
		{64CCEB7C-BD6F-42C9-BA7F-73B958F34209}.Ad-Hoc|iPhone.Build.0 = Release|Any CPU
		{64CCEB7C-BD6F-42C9-BA7F-73B958F34209}.Ad-Hoc|iPhone.Deploy.0 = Release|Any CPU
		{64CCEB7C-BD6F-42C9-BA7F-73B958F34209}.Ad-Hoc|iPhoneSimulator.ActiveCfg = Release|Any CPU
		{64CCEB7C-BD6F-42C9-BA7F-73B958F34209}.Ad-Hoc|iPhoneSimulator.Build.0 = Release|Any CPU
		{64CCEB7C-BD6F-42C9-BA7F-73B958F34209}.Ad-Hoc|iPhoneSimulator.Deploy.0 = Release|Any CPU
		{64CCEB7C-BD6F-42C9-BA7F-73B958F34209}.Ad-Hoc|x64.ActiveCfg = Release|x64
		{64CCEB7C-BD6F-42C9-BA7F-73B958F34209}.Ad-Hoc|x64.Build.0 = Release|x64
		{64CCEB7C-BD6F-42C9-BA7F-73B958F34209}.Ad-Hoc|x64.Deploy.0 = Release|x64
		{64CCEB7C-BD6F-42C9-BA7F-73B958F34209}.Ad-Hoc|x86.ActiveCfg = Release|x86
		{64CCEB7C-BD6F-42C9-BA7F-73B958F34209}.Ad-Hoc|x86.Build.0 = Release|x86
		{64CCEB7C-BD6F-42C9-BA7F-73B958F34209}.Ad-Hoc|x86.Deploy.0 = Release|x86
		{64CCEB7C-BD6F-42C9-BA7F-73B958F34209}.AppStore|Any CPU.ActiveCfg = Release|Any CPU
		{64CCEB7C-BD6F-42C9-BA7F-73B958F34209}.AppStore|Any CPU.Build.0 = Release|Any CPU
		{64CCEB7C-BD6F-42C9-BA7F-73B958F34209}.AppStore|Any CPU.Deploy.0 = Release|Any CPU
		{64CCEB7C-BD6F-42C9-BA7F-73B958F34209}.AppStore|ARM.ActiveCfg = Release|ARM
		{64CCEB7C-BD6F-42C9-BA7F-73B958F34209}.AppStore|ARM.Build.0 = Release|ARM
		{64CCEB7C-BD6F-42C9-BA7F-73B958F34209}.AppStore|ARM.Deploy.0 = Release|ARM
		{64CCEB7C-BD6F-42C9-BA7F-73B958F34209}.AppStore|iPhone.ActiveCfg = Release|Any CPU
		{64CCEB7C-BD6F-42C9-BA7F-73B958F34209}.AppStore|iPhone.Build.0 = Release|Any CPU
		{64CCEB7C-BD6F-42C9-BA7F-73B958F34209}.AppStore|iPhone.Deploy.0 = Release|Any CPU
		{64CCEB7C-BD6F-42C9-BA7F-73B958F34209}.AppStore|iPhoneSimulator.ActiveCfg = Release|Any CPU
		{64CCEB7C-BD6F-42C9-BA7F-73B958F34209}.AppStore|iPhoneSimulator.Build.0 = Release|Any CPU
		{64CCEB7C-BD6F-42C9-BA7F-73B958F34209}.AppStore|iPhoneSimulator.Deploy.0 = Release|Any CPU
		{64CCEB7C-BD6F-42C9-BA7F-73B958F34209}.AppStore|x64.ActiveCfg = Release|x64
		{64CCEB7C-BD6F-42C9-BA7F-73B958F34209}.AppStore|x64.Build.0 = Release|x64
		{64CCEB7C-BD6F-42C9-BA7F-73B958F34209}.AppStore|x64.Deploy.0 = Release|x64
		{64CCEB7C-BD6F-42C9-BA7F-73B958F34209}.AppStore|x86.ActiveCfg = Release|x86
		{64CCEB7C-BD6F-42C9-BA7F-73B958F34209}.AppStore|x86.Build.0 = Release|x86
		{64CCEB7C-BD6F-42C9-BA7F-73B958F34209}.AppStore|x86.Deploy.0 = Release|x86
		{64CCEB7C-BD6F-42C9-BA7F-73B958F34209}.Debug|Any CPU.ActiveCfg = Debug|Any CPU
		{64CCEB7C-BD6F-42C9-BA7F-73B958F34209}.Debug|Any CPU.Build.0 = Debug|Any CPU
		{64CCEB7C-BD6F-42C9-BA7F-73B958F34209}.Debug|Any CPU.Deploy.0 = Debug|Any CPU
		{64CCEB7C-BD6F-42C9-BA7F-73B958F34209}.Debug|ARM.ActiveCfg = Debug|ARM
		{64CCEB7C-BD6F-42C9-BA7F-73B958F34209}.Debug|ARM.Build.0 = Debug|ARM
		{64CCEB7C-BD6F-42C9-BA7F-73B958F34209}.Debug|ARM.Deploy.0 = Debug|ARM
		{64CCEB7C-BD6F-42C9-BA7F-73B958F34209}.Debug|iPhone.ActiveCfg = Debug|Any CPU
		{64CCEB7C-BD6F-42C9-BA7F-73B958F34209}.Debug|iPhone.Build.0 = Debug|Any CPU
		{64CCEB7C-BD6F-42C9-BA7F-73B958F34209}.Debug|iPhone.Deploy.0 = Debug|Any CPU
		{64CCEB7C-BD6F-42C9-BA7F-73B958F34209}.Debug|iPhoneSimulator.ActiveCfg = Debug|Any CPU
		{64CCEB7C-BD6F-42C9-BA7F-73B958F34209}.Debug|iPhoneSimulator.Build.0 = Debug|Any CPU
		{64CCEB7C-BD6F-42C9-BA7F-73B958F34209}.Debug|iPhoneSimulator.Deploy.0 = Debug|Any CPU
		{64CCEB7C-BD6F-42C9-BA7F-73B958F34209}.Debug|x64.ActiveCfg = Debug|x64
		{64CCEB7C-BD6F-42C9-BA7F-73B958F34209}.Debug|x64.Build.0 = Debug|x64
		{64CCEB7C-BD6F-42C9-BA7F-73B958F34209}.Debug|x64.Deploy.0 = Debug|x64
		{64CCEB7C-BD6F-42C9-BA7F-73B958F34209}.Debug|x86.ActiveCfg = Debug|x86
		{64CCEB7C-BD6F-42C9-BA7F-73B958F34209}.Debug|x86.Build.0 = Debug|x86
		{64CCEB7C-BD6F-42C9-BA7F-73B958F34209}.Debug|x86.Deploy.0 = Debug|x86
		{64CCEB7C-BD6F-42C9-BA7F-73B958F34209}.Release|Any CPU.ActiveCfg = Release|Any CPU
		{64CCEB7C-BD6F-42C9-BA7F-73B958F34209}.Release|Any CPU.Build.0 = Release|Any CPU
		{64CCEB7C-BD6F-42C9-BA7F-73B958F34209}.Release|Any CPU.Deploy.0 = Release|Any CPU
		{64CCEB7C-BD6F-42C9-BA7F-73B958F34209}.Release|ARM.ActiveCfg = Release|ARM
		{64CCEB7C-BD6F-42C9-BA7F-73B958F34209}.Release|ARM.Build.0 = Release|ARM
		{64CCEB7C-BD6F-42C9-BA7F-73B958F34209}.Release|ARM.Deploy.0 = Release|ARM
		{64CCEB7C-BD6F-42C9-BA7F-73B958F34209}.Release|iPhone.ActiveCfg = Release|Any CPU
		{64CCEB7C-BD6F-42C9-BA7F-73B958F34209}.Release|iPhone.Build.0 = Release|Any CPU
		{64CCEB7C-BD6F-42C9-BA7F-73B958F34209}.Release|iPhone.Deploy.0 = Release|Any CPU
		{64CCEB7C-BD6F-42C9-BA7F-73B958F34209}.Release|iPhoneSimulator.ActiveCfg = Release|Any CPU
		{64CCEB7C-BD6F-42C9-BA7F-73B958F34209}.Release|iPhoneSimulator.Build.0 = Release|Any CPU
		{64CCEB7C-BD6F-42C9-BA7F-73B958F34209}.Release|iPhoneSimulator.Deploy.0 = Release|Any CPU
		{64CCEB7C-BD6F-42C9-BA7F-73B958F34209}.Release|x64.ActiveCfg = Release|x64
		{64CCEB7C-BD6F-42C9-BA7F-73B958F34209}.Release|x64.Build.0 = Release|x64
		{64CCEB7C-BD6F-42C9-BA7F-73B958F34209}.Release|x64.Deploy.0 = Release|x64
		{64CCEB7C-BD6F-42C9-BA7F-73B958F34209}.Release|x86.ActiveCfg = Release|x86
		{64CCEB7C-BD6F-42C9-BA7F-73B958F34209}.Release|x86.Build.0 = Release|x86
		{64CCEB7C-BD6F-42C9-BA7F-73B958F34209}.Release|x86.Deploy.0 = Release|x86
	EndGlobalSection
	GlobalSection(SolutionProperties) = preSolution
		HideSolutionNode = FALSE
	EndGlobalSection
EndGlobal
